
Microsoft Visual Studio Solution File, Format Version 12.00
# Visual Studio Version 17
VisualStudioVersion = 17.8.34330.188
MinimumVisualStudioVersion = 10.0.40219.1
Project("{FAE04EC0-301F-11D3-BF4B-00C04F79EFBC}") = "Homework-Enum-Reflection", "Homework-Enum-Reflection\Homework-Enum-Reflection.csproj", "{D2FE8A4C-B8C4-4DFA-B0E0-30BE359BC586}"
EndProject
Global
	GlobalSection(SolutionConfigurationPlatforms) = preSolution
		Debug|Any CPU = Debug|Any CPU
		Release|Any CPU = Release|Any CPU
	EndGlobalSection
	GlobalSection(ProjectConfigurationPlatforms) = postSolution
		{D2FE8A4C-B8C4-4DFA-B0E0-30BE359BC586}.Debug|Any CPU.ActiveCfg = Debug|Any CPU
		{D2FE8A4C-B8C4-4DFA-B0E0-30BE359BC586}.Debug|Any CPU.Build.0 = Debug|Any CPU
		{D2FE8A4C-B8C4-4DFA-B0E0-30BE359BC586}.Release|Any CPU.ActiveCfg = Release|Any CPU
		{D2FE8A4C-B8C4-4DFA-B0E0-30BE359BC586}.Release|Any CPU.Build.0 = Release|Any CPU
	EndGlobalSection
	GlobalSection(SolutionProperties) = preSolution
		HideSolutionNode = FALSE
	EndGlobalSection
	GlobalSection(ExtensibilityGlobals) = postSolution
		SolutionGuid = {8C9D7E4E-8E03-4E97-B2FB-AD83E00A97DB}
	EndGlobalSection
EndGlobal
